
Microsoft Visual Studio Solution File, Format Version 12.00
# Visual Studio Version 17
VisualStudioVersion = 17.11.35208.52
MinimumVisualStudioVersion = 10.0.40219.1
Project("{FAE04EC0-301F-11D3-BF4B-00C04F79EFBC}") = "HomeWork2", "HomeWork2\HomeWork2.csproj", "{A9F652F4-5A90-4ACE-B87E-5ED285220DAA}"
EndProject
Global
	GlobalSection(SolutionConfigurationPlatforms) = preSolution
		Debug|Any CPU = Debug|Any CPU
		Release|Any CPU = Release|Any CPU
	EndGlobalSection
	GlobalSection(ProjectConfigurationPlatforms) = postSolution
		{A9F652F4-5A90-4ACE-B87E-5ED285220DAA}.Debug|Any CPU.ActiveCfg = Debug|Any CPU
		{A9F652F4-5A90-4ACE-B87E-5ED285220DAA}.Debug|Any CPU.Build.0 = Debug|Any CPU
		{A9F652F4-5A90-4ACE-B87E-5ED285220DAA}.Release|Any CPU.ActiveCfg = Release|Any CPU
		{A9F652F4-5A90-4ACE-B87E-5ED285220DAA}.Release|Any CPU.Build.0 = Release|Any CPU
	EndGlobalSection
	GlobalSection(SolutionProperties) = preSolution
		HideSolutionNode = FALSE
	EndGlobalSection
	GlobalSection(ExtensibilityGlobals) = postSolution
		SolutionGuid = {8293B16E-1B09-45D7-8F1A-7286DC7FC2E6}
	EndGlobalSection
EndGlobal
